
Microsoft Visual Studio Solution File, Format Version 12.00
# Visual Studio Version 16
VisualStudioVersion = 16.0.32126.315
MinimumVisualStudioVersion = 10.0.40219.1
Project("{FAE04EC0-301F-11D3-BF4B-00C04F79EFBC}") = "EasyMVVM", "EasyMVVM.csproj", "{C2BAA7CC-2620-446C-B1D9-60187251180B}"
EndProject
Global
	GlobalSection(SolutionConfigurationPlatforms) = preSolution
		Debug|Any CPU = Debug|Any CPU
		Release|Any CPU = Release|Any CPU
	EndGlobalSection
	GlobalSection(ProjectConfigurationPlatforms) = postSolution
		{C2BAA7CC-2620-446C-B1D9-60187251180B}.Debug|Any CPU.ActiveCfg = Debug|Any CPU
		{C2BAA7CC-2620-446C-B1D9-60187251180B}.Debug|Any CPU.Build.0 = Debug|Any CPU
		{C2BAA7CC-2620-446C-B1D9-60187251180B}.Release|Any CPU.ActiveCfg = Release|Any CPU
		{C2BAA7CC-2620-446C-B1D9-60187251180B}.Release|Any CPU.Build.0 = Release|Any CPU
	EndGlobalSection
	GlobalSection(SolutionProperties) = preSolution
		HideSolutionNode = FALSE
	EndGlobalSection
	GlobalSection(ExtensibilityGlobals) = postSolution
		SolutionGuid = {F2A09F51-C846-4DF0-B238-6D1A7528D99B}
	EndGlobalSection
EndGlobal
